
Microsoft Visual Studio Solution File, Format Version 12.00
# Visual Studio Version 17
VisualStudioVersion = 17.1.32407.343
MinimumVisualStudioVersion = 10.0.40219.1
Project("{FAE04EC0-301F-11D3-BF4B-00C04F79EFBC}") = "WaterSight.Excel", "WaterSight.Excel\WaterSight.Excel\WaterSight.Excel.csproj", "{318EA411-2400-4183-9DBB-7439179B00FA}"
EndProject
Project("{FAE04EC0-301F-11D3-BF4B-00C04F79EFBC}") = "WaterSight.Model", "WaterSight.Model\WaterSight.Model\WaterSight.Model\WaterSight.Model.csproj", "{81B553A1-6EC6-437D-9527-88CAD0754984}"
EndProject
Project("{FAE04EC0-301F-11D3-BF4B-00C04F79EFBC}") = "WaterSight.Model.Test", "WaterSight.Model\WaterSight.Model\WaterSight.Model.Test\WaterSight.Model.Test.csproj", "{628B6F61-E666-4622-80FE-77DB7C65E7B0}"
EndProject
Project("{FAE04EC0-301F-11D3-BF4B-00C04F79EFBC}") = "WaterSight.Users", "WaterSight.Users\WaterSight.Users\WaterSight.Users.csproj", "{BA604BAB-3A99-4A0A-901D-24C6F953630E}"
EndProject
Project("{FAE04EC0-301F-11D3-BF4B-00C04F79EFBC}") = "WaterSight.Web", "WaterSight.Web\WaterSight.Web\WaterSight.Web.csproj", "{3219D583-B78A-4FCC-B625-33AB9C30FBC9}"
EndProject
Project("{FAE04EC0-301F-11D3-BF4B-00C04F79EFBC}") = "WaterSight.Web.Test", "WaterSight.Web\WaterSight.Web.Test\WaterSight.Web.Test.csproj", "{BD8B7B32-CDD5-44D4-B7E9-4C56C25CACCF}"
EndProject
Global
	GlobalSection(SolutionConfigurationPlatforms) = preSolution
		Debug|Any CPU = Debug|Any CPU
		Debug|x64 = Debug|x64
		Debug|x86 = Debug|x86
		Release|Any CPU = Release|Any CPU
		Release|x64 = Release|x64
		Release|x86 = Release|x86
	EndGlobalSection
	GlobalSection(ProjectConfigurationPlatforms) = postSolution
		{318EA411-2400-4183-9DBB-7439179B00FA}.Debug|Any CPU.ActiveCfg = Debug|x64
		{318EA411-2400-4183-9DBB-7439179B00FA}.Debug|Any CPU.Build.0 = Debug|x64
		{318EA411-2400-4183-9DBB-7439179B00FA}.Debug|x64.ActiveCfg = Debug|x64
		{318EA411-2400-4183-9DBB-7439179B00FA}.Debug|x64.Build.0 = Debug|x64
		{318EA411-2400-4183-9DBB-7439179B00FA}.Debug|x86.ActiveCfg = Debug|Any CPU
		{318EA411-2400-4183-9DBB-7439179B00FA}.Debug|x86.Build.0 = Debug|Any CPU
		{318EA411-2400-4183-9DBB-7439179B00FA}.Release|Any CPU.ActiveCfg = Release|Any CPU
		{318EA411-2400-4183-9DBB-7439179B00FA}.Release|Any CPU.Build.0 = Release|Any CPU
		{318EA411-2400-4183-9DBB-7439179B00FA}.Release|x64.ActiveCfg = Release|x64
		{318EA411-2400-4183-9DBB-7439179B00FA}.Release|x64.Build.0 = Release|x64
		{318EA411-2400-4183-9DBB-7439179B00FA}.Release|x86.ActiveCfg = Release|Any CPU
		{318EA411-2400-4183-9DBB-7439179B00FA}.Release|x86.Build.0 = Release|Any CPU
		{81B553A1-6EC6-437D-9527-88CAD0754984}.Debug|Any CPU.ActiveCfg = Debug|x64
		{81B553A1-6EC6-437D-9527-88CAD0754984}.Debug|Any CPU.Build.0 = Debug|x64
		{81B553A1-6EC6-437D-9527-88CAD0754984}.Debug|x64.ActiveCfg = Debug|x64
		{81B553A1-6EC6-437D-9527-88CAD0754984}.Debug|x64.Build.0 = Debug|x64
		{81B553A1-6EC6-437D-9527-88CAD0754984}.Debug|x86.ActiveCfg = Debug|x64
		{81B553A1-6EC6-437D-9527-88CAD0754984}.Debug|x86.Build.0 = Debug|x64
		{81B553A1-6EC6-437D-9527-88CAD0754984}.Release|Any CPU.ActiveCfg = Release|x64
		{81B553A1-6EC6-437D-9527-88CAD0754984}.Release|Any CPU.Build.0 = Release|x64
		{81B553A1-6EC6-437D-9527-88CAD0754984}.Release|x64.ActiveCfg = Release|x64
		{81B553A1-6EC6-437D-9527-88CAD0754984}.Release|x64.Build.0 = Release|x64
		{81B553A1-6EC6-437D-9527-88CAD0754984}.Release|x86.ActiveCfg = Release|x64
		{81B553A1-6EC6-437D-9527-88CAD0754984}.Release|x86.Build.0 = Release|x64
		{628B6F61-E666-4622-80FE-77DB7C65E7B0}.Debug|Any CPU.ActiveCfg = Debug|x64
		{628B6F61-E666-4622-80FE-77DB7C65E7B0}.Debug|Any CPU.Build.0 = Debug|x64
		{628B6F61-E666-4622-80FE-77DB7C65E7B0}.Debug|x64.ActiveCfg = Debug|x64
		{628B6F61-E666-4622-80FE-77DB7C65E7B0}.Debug|x64.Build.0 = Debug|x64
		{628B6F61-E666-4622-80FE-77DB7C65E7B0}.Debug|x86.ActiveCfg = Debug|x86
		{628B6F61-E666-4622-80FE-77DB7C65E7B0}.Debug|x86.Build.0 = Debug|x86
		{628B6F61-E666-4622-80FE-77DB7C65E7B0}.Release|Any CPU.ActiveCfg = Release|x64
		{628B6F61-E666-4622-80FE-77DB7C65E7B0}.Release|Any CPU.Build.0 = Release|x64
		{628B6F61-E666-4622-80FE-77DB7C65E7B0}.Release|x64.ActiveCfg = Release|x64
		{628B6F61-E666-4622-80FE-77DB7C65E7B0}.Release|x64.Build.0 = Release|x64
		{628B6F61-E666-4622-80FE-77DB7C65E7B0}.Release|x86.ActiveCfg = Release|x86
		{628B6F61-E666-4622-80FE-77DB7C65E7B0}.Release|x86.Build.0 = Release|x86
		{BA604BAB-3A99-4A0A-901D-24C6F953630E}.Debug|Any CPU.ActiveCfg = Debug|x64
		{BA604BAB-3A99-4A0A-901D-24C6F953630E}.Debug|Any CPU.Build.0 = Debug|x64
		{BA604BAB-3A99-4A0A-901D-24C6F953630E}.Debug|x64.ActiveCfg = Debug|x64
		{BA604BAB-3A99-4A0A-901D-24C6F953630E}.Debug|x64.Build.0 = Debug|x64
		{BA604BAB-3A99-4A0A-901D-24C6F953630E}.Debug|x86.ActiveCfg = Debug|Any CPU
		{BA604BAB-3A99-4A0A-901D-24C6F953630E}.Debug|x86.Build.0 = Debug|Any CPU
		{BA604BAB-3A99-4A0A-901D-24C6F953630E}.Release|Any CPU.ActiveCfg = Release|Any CPU
		{BA604BAB-3A99-4A0A-901D-24C6F953630E}.Release|Any CPU.Build.0 = Release|Any CPU
		{BA604BAB-3A99-4A0A-901D-24C6F953630E}.Release|x64.ActiveCfg = Release|x64
		{BA604BAB-3A99-4A0A-901D-24C6F953630E}.Release|x64.Build.0 = Release|x64
		{BA604BAB-3A99-4A0A-901D-24C6F953630E}.Release|x86.ActiveCfg = Release|Any CPU
		{BA604BAB-3A99-4A0A-901D-24C6F953630E}.Release|x86.Build.0 = Release|Any CPU
		{3219D583-B78A-4FCC-B625-33AB9C30FBC9}.Debug|Any CPU.ActiveCfg = Debug|x64
		{3219D583-B78A-4FCC-B625-33AB9C30FBC9}.Debug|Any CPU.Build.0 = Debug|x64
		{3219D583-B78A-4FCC-B625-33AB9C30FBC9}.Debug|x64.ActiveCfg = Debug|x64
		{3219D583-B78A-4FCC-B625-33AB9C30FBC9}.Debug|x64.Build.0 = Debug|x64
		{3219D583-B78A-4FCC-B625-33AB9C30FBC9}.Debug|x86.ActiveCfg = Debug|Any CPU
		{3219D583-B78A-4FCC-B625-33AB9C30FBC9}.Debug|x86.Build.0 = Debug|Any CPU
		{3219D583-B78A-4FCC-B625-33AB9C30FBC9}.Release|Any CPU.ActiveCfg = Release|Any CPU
		{3219D583-B78A-4FCC-B625-33AB9C30FBC9}.Release|Any CPU.Build.0 = Release|Any CPU
		{3219D583-B78A-4FCC-B625-33AB9C30FBC9}.Release|x64.ActiveCfg = Release|x64
		{3219D583-B78A-4FCC-B625-33AB9C30FBC9}.Release|x64.Build.0 = Release|x64
		{3219D583-B78A-4FCC-B625-33AB9C30FBC9}.Release|x86.ActiveCfg = Release|Any CPU
		{3219D583-B78A-4FCC-B625-33AB9C30FBC9}.Release|x86.Build.0 = Release|Any CPU
		{BD8B7B32-CDD5-44D4-B7E9-4C56C25CACCF}.Debug|Any CPU.ActiveCfg = Debug|x64
		{BD8B7B32-CDD5-44D4-B7E9-4C56C25CACCF}.Debug|Any CPU.Build.0 = Debug|x64
		{BD8B7B32-CDD5-44D4-B7E9-4C56C25CACCF}.Debug|x64.ActiveCfg = Debug|x64
		{BD8B7B32-CDD5-44D4-B7E9-4C56C25CACCF}.Debug|x64.Build.0 = Debug|x64
		{BD8B7B32-CDD5-44D4-B7E9-4C56C25CACCF}.Debug|x86.ActiveCfg = Debug|Any CPU
		{BD8B7B32-CDD5-44D4-B7E9-4C56C25CACCF}.Debug|x86.Build.0 = Debug|Any CPU
		{BD8B7B32-CDD5-44D4-B7E9-4C56C25CACCF}.Release|Any CPU.ActiveCfg = Release|Any CPU
		{BD8B7B32-CDD5-44D4-B7E9-4C56C25CACCF}.Release|Any CPU.Build.0 = Release|Any CPU
		{BD8B7B32-CDD5-44D4-B7E9-4C56C25CACCF}.Release|x64.ActiveCfg = Release|x64
		{BD8B7B32-CDD5-44D4-B7E9-4C56C25CACCF}.Release|x64.Build.0 = Release|x64
		{BD8B7B32-CDD5-44D4-B7E9-4C56C25CACCF}.Release|x86.ActiveCfg = Release|Any CPU
		{BD8B7B32-CDD5-44D4-B7E9-4C56C25CACCF}.Release|x86.Build.0 = Release|Any CPU
	EndGlobalSection
	GlobalSection(SolutionProperties) = preSolution
		HideSolutionNode = FALSE
	EndGlobalSection
	GlobalSection(ExtensibilityGlobals) = postSolution
		SolutionGuid = {85805320-4EC0-4E76-A376-00879594FE58}
	EndGlobalSection
EndGlobal
