
Microsoft Visual Studio Solution File, Format Version 12.00
# Visual Studio Version 17
VisualStudioVersion = 17.6.33706.43
MinimumVisualStudioVersion = 10.0.40219.1
Project("{FAE04EC0-301F-11D3-BF4B-00C04F79EFBC}") = "WaterSight.UI", "WaterSight.UI\WaterSight.UI.csproj", "{2992F834-D564-476A-809E-9568DA2A4747}"
EndProject
Global
	GlobalSection(SolutionConfigurationPlatforms) = preSolution
		Debug|Any CPU = Debug|Any CPU
		Release|Any CPU = Release|Any CPU
	EndGlobalSection
	GlobalSection(ProjectConfigurationPlatforms) = postSolution
		{2992F834-D564-476A-809E-9568DA2A4747}.Debug|Any CPU.ActiveCfg = Debug|Any CPU
		{2992F834-D564-476A-809E-9568DA2A4747}.Debug|Any CPU.Build.0 = Debug|Any CPU
		{2992F834-D564-476A-809E-9568DA2A4747}.Release|Any CPU.ActiveCfg = Release|Any CPU
		{2992F834-D564-476A-809E-9568DA2A4747}.Release|Any CPU.Build.0 = Release|Any CPU
	EndGlobalSection
	GlobalSection(SolutionProperties) = preSolution
		HideSolutionNode = FALSE
	EndGlobalSection
	GlobalSection(ExtensibilityGlobals) = postSolution
		SolutionGuid = {F6CFC28B-CBF9-4713-A7DC-00056E0BCC11}
	EndGlobalSection
EndGlobal
