
Microsoft Visual Studio Solution File, Format Version 12.00
# Visual Studio Version 17
VisualStudioVersion = 17.5.33318.248
MinimumVisualStudioVersion = 10.0.40219.1
Project("{FAE04EC0-301F-11D3-BF4B-00C04F79EFBC}") = "WaterSight.DigitalTwinsHealth.Service", "WaterSight.DigitalTwinsHealth.Service\WaterSight.DigitalTwinsHealth.Service.csproj", "{C1FAE8D9-5FC5-457D-81DA-85D2B9BDC4FB}"
EndProject
Global
	GlobalSection(SolutionConfigurationPlatforms) = preSolution
		Debug|Any CPU = Debug|Any CPU
		Release|Any CPU = Release|Any CPU
	EndGlobalSection
	GlobalSection(ProjectConfigurationPlatforms) = postSolution
		{C1FAE8D9-5FC5-457D-81DA-85D2B9BDC4FB}.Debug|Any CPU.ActiveCfg = Debug|Any CPU
		{C1FAE8D9-5FC5-457D-81DA-85D2B9BDC4FB}.Debug|Any CPU.Build.0 = Debug|Any CPU
		{C1FAE8D9-5FC5-457D-81DA-85D2B9BDC4FB}.Release|Any CPU.ActiveCfg = Release|Any CPU
		{C1FAE8D9-5FC5-457D-81DA-85D2B9BDC4FB}.Release|Any CPU.Build.0 = Release|Any CPU
	EndGlobalSection
	GlobalSection(SolutionProperties) = preSolution
		HideSolutionNode = FALSE
	EndGlobalSection
	GlobalSection(ExtensibilityGlobals) = postSolution
		SolutionGuid = {E61046D8-6770-4A3C-8338-5060A45200FE}
	EndGlobalSection
EndGlobal
