
Microsoft Visual Studio Solution File, Format Version 12.00
# Visual Studio Version 17
VisualStudioVersion = 17.1.32407.343
MinimumVisualStudioVersion = 10.0.40219.1
Project("{FAE04EC0-301F-11D3-BF4B-00C04F79EFBC}") = "WaterSight.Web", "WaterSight.Web\WaterSight.Web.csproj", "{3219D583-B78A-4FCC-B625-33AB9C30FBC9}"
EndProject
Project("{FAE04EC0-301F-11D3-BF4B-00C04F79EFBC}") = "WaterSight.Web.Test", "WaterSight.Web.Test\WaterSight.Web.Test.csproj", "{BD8B7B32-CDD5-44D4-B7E9-4C56C25CACCF}"
EndProject
Global
	GlobalSection(SolutionConfigurationPlatforms) = preSolution
		Debug|Any CPU = Debug|Any CPU
		Debug|x64 = Debug|x64
		Release|Any CPU = Release|Any CPU
		Release|x64 = Release|x64
	EndGlobalSection
	GlobalSection(ProjectConfigurationPlatforms) = postSolution
		{3219D583-B78A-4FCC-B625-33AB9C30FBC9}.Debug|Any CPU.ActiveCfg = Debug|Any CPU
		{3219D583-B78A-4FCC-B625-33AB9C30FBC9}.Debug|Any CPU.Build.0 = Debug|Any CPU
		{3219D583-B78A-4FCC-B625-33AB9C30FBC9}.Debug|x64.ActiveCfg = Debug|x64
		{3219D583-B78A-4FCC-B625-33AB9C30FBC9}.Debug|x64.Build.0 = Debug|x64
		{3219D583-B78A-4FCC-B625-33AB9C30FBC9}.Release|Any CPU.ActiveCfg = Release|Any CPU
		{3219D583-B78A-4FCC-B625-33AB9C30FBC9}.Release|Any CPU.Build.0 = Release|Any CPU
		{3219D583-B78A-4FCC-B625-33AB9C30FBC9}.Release|x64.ActiveCfg = Release|Any CPU
		{3219D583-B78A-4FCC-B625-33AB9C30FBC9}.Release|x64.Build.0 = Release|Any CPU
		{BD8B7B32-CDD5-44D4-B7E9-4C56C25CACCF}.Debug|Any CPU.ActiveCfg = Debug|Any CPU
		{BD8B7B32-CDD5-44D4-B7E9-4C56C25CACCF}.Debug|Any CPU.Build.0 = Debug|Any CPU
		{BD8B7B32-CDD5-44D4-B7E9-4C56C25CACCF}.Debug|x64.ActiveCfg = Debug|x64
		{BD8B7B32-CDD5-44D4-B7E9-4C56C25CACCF}.Debug|x64.Build.0 = Debug|x64
		{BD8B7B32-CDD5-44D4-B7E9-4C56C25CACCF}.Release|Any CPU.ActiveCfg = Release|Any CPU
		{BD8B7B32-CDD5-44D4-B7E9-4C56C25CACCF}.Release|Any CPU.Build.0 = Release|Any CPU
		{BD8B7B32-CDD5-44D4-B7E9-4C56C25CACCF}.Release|x64.ActiveCfg = Release|Any CPU
		{BD8B7B32-CDD5-44D4-B7E9-4C56C25CACCF}.Release|x64.Build.0 = Release|Any CPU
	EndGlobalSection
	GlobalSection(SolutionProperties) = preSolution
		HideSolutionNode = FALSE
	EndGlobalSection
	GlobalSection(ExtensibilityGlobals) = postSolution
		SolutionGuid = {E876B61B-4800-401B-B370-EF9DCB2C5242}
	EndGlobalSection
EndGlobal
